
Microsoft Visual Studio Solution File, Format Version 12.00
# Visual Studio Version 16
VisualStudioVersion = 16.0.31624.102
MinimumVisualStudioVersion = 10.0.40219.1
Project("{FAE04EC0-301F-11D3-BF4B-00C04F79EFBC}") = "Assignment2", "Assignment2\Assignment2.csproj", "{C1A4DD41-7DAE-48C6-9F4F-AE93CB87788B}"
EndProject
Global
	GlobalSection(SolutionConfigurationPlatforms) = preSolution
		Debug|Any CPU = Debug|Any CPU
		Release|Any CPU = Release|Any CPU
	EndGlobalSection
	GlobalSection(ProjectConfigurationPlatforms) = postSolution
		{C1A4DD41-7DAE-48C6-9F4F-AE93CB87788B}.Debug|Any CPU.ActiveCfg = Debug|Any CPU
		{C1A4DD41-7DAE-48C6-9F4F-AE93CB87788B}.Debug|Any CPU.Build.0 = Debug|Any CPU
		{C1A4DD41-7DAE-48C6-9F4F-AE93CB87788B}.Release|Any CPU.ActiveCfg = Release|Any CPU
		{C1A4DD41-7DAE-48C6-9F4F-AE93CB87788B}.Release|Any CPU.Build.0 = Release|Any CPU
	EndGlobalSection
	GlobalSection(SolutionProperties) = preSolution
		HideSolutionNode = FALSE
	EndGlobalSection
	GlobalSection(ExtensibilityGlobals) = postSolution
		SolutionGuid = {369DDDDC-8F4A-4AF5-B4FC-6B0DC7A18C21}
	EndGlobalSection
EndGlobal
